
Microsoft Visual Studio Solution File, Format Version 12.00
# Visual Studio Version 17
VisualStudioVersion = 17.14.36429.23 d17.14
MinimumVisualStudioVersion = 10.0.40219.1
Project("{FAE04EC0-301F-11D3-BF4B-00C04F79EFBC}") = "YourFavECommerce", "YourFavECommerce\YourFavECommerce.csproj", "{62902181-5EFA-4505-9BE3-6F98EE043A73}"
EndProject
Global
	GlobalSection(SolutionConfigurationPlatforms) = preSolution
		Debug|Any CPU = Debug|Any CPU
		Release|Any CPU = Release|Any CPU
	EndGlobalSection
	GlobalSection(ProjectConfigurationPlatforms) = postSolution
		{62902181-5EFA-4505-9BE3-6F98EE043A73}.Debug|Any CPU.ActiveCfg = Debug|Any CPU
		{62902181-5EFA-4505-9BE3-6F98EE043A73}.Debug|Any CPU.Build.0 = Debug|Any CPU
		{62902181-5EFA-4505-9BE3-6F98EE043A73}.Release|Any CPU.ActiveCfg = Release|Any CPU
		{62902181-5EFA-4505-9BE3-6F98EE043A73}.Release|Any CPU.Build.0 = Release|Any CPU
	EndGlobalSection
	GlobalSection(SolutionProperties) = preSolution
		HideSolutionNode = FALSE
	EndGlobalSection
	GlobalSection(ExtensibilityGlobals) = postSolution
		SolutionGuid = {486D761C-5FE1-4AE8-A1B6-A0A3CB16C396}
	EndGlobalSection
EndGlobal
